
Microsoft Visual Studio Solution File, Format Version 12.00
# Visual Studio Version 16
VisualStudioVersion = 16.0.29025.244
MinimumVisualStudioVersion = 10.0.40219.1
Project("{2150E333-8FDC-42A3-9474-1A3956D46DE8}") = "DLL", "DLL", "{B5477B3E-78A2-4DCF-BA11-D0047250F3EC}"
EndProject
Project("{9A19103F-16F7-4668-BE54-9A1E7A4F7556}") = "BaseDLL", "DLL\BaseDLL\BaseDLL.csproj", "{F5F30F26-27DE-4882-A4D0-378A2EABFDFB}"
EndProject
Project("{9A19103F-16F7-4668-BE54-9A1E7A4F7556}") = "DBAccessBaseDLL", "DLL\DBAccess\DBAccessBaseDLL\DBAccessBaseDLL.csproj", "{998E5B70-89E3-4B46-8614-AEABF747D2BC}"
EndProject
Project("{9A19103F-16F7-4668-BE54-9A1E7A4F7556}") = "NetApplictionServiceDLL", "DLL\NetServiceDLL\NetApplictionServiceDLL.csproj", "{00A1BECC-9A78-46EA-BD04-6750F83039E6}"
EndProject
Project("{9A19103F-16F7-4668-BE54-9A1E7A4F7556}") = "BusinessCoreDLL", "DLL\BIZ\BusinessCoreDLL\BusinessCoreDLL.csproj", "{A9DB4265-E02A-4A73-B1C4-8028D90770DE}"
EndProject
Project("{2150E333-8FDC-42A3-9474-1A3956D46DE8}") = "readme", "readme", "{44910CC5-590A-49D9-84F7-D612E907B056}"
	ProjectSection(SolutionItems) = preProject
		README.md = README.md
	EndProjectSection
EndProject
Project("{9A19103F-16F7-4668-BE54-9A1E7A4F7556}") = "TaskJobDLL", "DLL\TaskJobDLL\TaskJobDLL.csproj", "{7582BC25-FE83-44BD-B00F-E7E088D098CE}"
EndProject
Project("{2150E333-8FDC-42A3-9474-1A3956D46DE8}") = "Unit", "Unit", "{B13612BB-D4F6-45A0-A6FB-A74971F709CC}"
EndProject
Project("{9A19103F-16F7-4668-BE54-9A1E7A4F7556}") = "ScriptDLL", "DLL\ScriptDLL\ScriptDLL.csproj", "{72F9F2A7-AB61-45E9-88C5-38A803A996DB}"
EndProject
Project("{9A19103F-16F7-4668-BE54-9A1E7A4F7556}") = "XUnitTest_WebCore", "Unit\XUnitTestWebApp\XUnitTest_WebCore.csproj", "{D9B44CBE-CD3C-4964-93C2-FF6903D99154}"
EndProject
Project("{9A19103F-16F7-4668-BE54-9A1E7A4F7556}") = "SearchEngineDLL", "DLL\SearchEngineDLL\SearchEngineDLL.csproj", "{4F5C938F-BF01-4DC0-B208-C4D9AF4B6382}"
EndProject
Project("{9A19103F-16F7-4668-BE54-9A1E7A4F7556}") = "LogDLL", "LogDLL\LogDLL.csproj", "{34217C09-8CDE-46F9-BAA9-872386E2A135}"
EndProject
Project("{9A19103F-16F7-4668-BE54-9A1E7A4F7556}") = "gRPCApp", "gRPCApp1\gRPCApp.csproj", "{7FABD89B-079D-4C1B-835B-AF54A7B39C08}"
EndProject
Project("{9A19103F-16F7-4668-BE54-9A1E7A4F7556}") = "gRPCDLL", "DLL\gRPCDLL\gRPCDLL.csproj", "{2FAC6F46-AE88-47ED-A0F1-E76927ADF20E}"
EndProject
Project("{9A19103F-16F7-4668-BE54-9A1E7A4F7556}") = "MQDLL", "MQDLL\MQDLL.csproj", "{29C30365-2F8F-432C-AF4D-62FE5D1A1ABB}"
EndProject
Project("{9A19103F-16F7-4668-BE54-9A1E7A4F7556}") = "MQService", "MQService\MQService.csproj", "{AC2EA8D7-F038-4537-8ABE-299926AE0C1D}"
EndProject
Project("{2150E333-8FDC-42A3-9474-1A3956D46DE8}") = "BIZ", "BIZ", "{C6BED1C8-EFD8-4EC7-800B-797FF923B1DD}"
EndProject
Project("{2150E333-8FDC-42A3-9474-1A3956D46DE8}") = "App", "App", "{472701E4-B5DE-4D3B-90F7-D65F251EF3DA}"
EndProject
Project("{9A19103F-16F7-4668-BE54-9A1E7A4F7556}") = "WebAdminService", "App\Admin\WebAdminService.csproj", "{225D039B-3FCB-42CB-9715-0DA56CC63902}"
EndProject
Project("{9A19103F-16F7-4668-BE54-9A1E7A4F7556}") = "WebCoreService", "App\WebCoreAPI\WebCoreService.csproj", "{819DA8F2-BB8D-4E33-AB9B-469323A58A38}"
EndProject
Project("{2150E333-8FDC-42A3-9474-1A3956D46DE8}") = "DBAccess", "DBAccess", "{A161846F-EC73-45A4-92C0-FCE8179C2D8A}"
EndProject
Project("{2150E333-8FDC-42A3-9474-1A3956D46DE8}") = "SwaggerDoc", "SwaggerDoc", "{C1208188-9B31-40D1-A154-ADEF82A1EB9B}"
	ProjectSection(SolutionItems) = preProject
		SwaggerDoc\AdminService.xml = SwaggerDoc\AdminService.xml
		SwaggerDoc\DBAccessCoreDLL.xml = SwaggerDoc\DBAccessCoreDLL.xml
		SwaggerDoc\WebCoreService.xml = SwaggerDoc\WebCoreService.xml
	EndProjectSection
EndProject
Project("{9A19103F-16F7-4668-BE54-9A1E7A4F7556}") = "DBAccessCoreDLL", "DLL\DBAccess\DBAccessCoreDLL\DBAccessCoreDLL.csproj", "{AE1A2BC7-6133-4D94-B0B7-8F8316EBAD11}"
EndProject
Project("{9A19103F-16F7-4668-BE54-9A1E7A4F7556}") = "BusinessAdminDLL", "DLL\BIZ\BusinessAdminDLL\BusinessAdminDLL.csproj", "{CF2D0436-ADAB-43C8-86AC-6383CC288355}"
EndProject
Project("{9A19103F-16F7-4668-BE54-9A1E7A4F7556}") = "OAuth2DLL", "DLL\OAuth2DLL\OAuth2DLL.csproj", "{ABD731B2-7D5C-4830-8FA2-78307EFD795C}"
EndProject
Project("{9A19103F-16F7-4668-BE54-9A1E7A4F7556}") = "XUnitTest_WebAdmin", "Unit\XUnitTest_WebAdmin\XUnitTest_WebAdmin.csproj", "{86E961EF-A56B-4226-BDD2-B2B6FB454869}"
EndProject
Global
	GlobalSection(SolutionConfigurationPlatforms) = preSolution
		Debug|Any CPU = Debug|Any CPU
		Release|Any CPU = Release|Any CPU
	EndGlobalSection
	GlobalSection(ProjectConfigurationPlatforms) = postSolution
		{F5F30F26-27DE-4882-A4D0-378A2EABFDFB}.Debug|Any CPU.ActiveCfg = Debug|Any CPU
		{F5F30F26-27DE-4882-A4D0-378A2EABFDFB}.Debug|Any CPU.Build.0 = Debug|Any CPU
		{F5F30F26-27DE-4882-A4D0-378A2EABFDFB}.Release|Any CPU.ActiveCfg = Release|Any CPU
		{F5F30F26-27DE-4882-A4D0-378A2EABFDFB}.Release|Any CPU.Build.0 = Release|Any CPU
		{998E5B70-89E3-4B46-8614-AEABF747D2BC}.Debug|Any CPU.ActiveCfg = Debug|Any CPU
		{998E5B70-89E3-4B46-8614-AEABF747D2BC}.Debug|Any CPU.Build.0 = Debug|Any CPU
		{998E5B70-89E3-4B46-8614-AEABF747D2BC}.Release|Any CPU.ActiveCfg = Release|Any CPU
		{998E5B70-89E3-4B46-8614-AEABF747D2BC}.Release|Any CPU.Build.0 = Release|Any CPU
		{00A1BECC-9A78-46EA-BD04-6750F83039E6}.Debug|Any CPU.ActiveCfg = Debug|Any CPU
		{00A1BECC-9A78-46EA-BD04-6750F83039E6}.Debug|Any CPU.Build.0 = Debug|Any CPU
		{00A1BECC-9A78-46EA-BD04-6750F83039E6}.Release|Any CPU.ActiveCfg = Release|Any CPU
		{00A1BECC-9A78-46EA-BD04-6750F83039E6}.Release|Any CPU.Build.0 = Release|Any CPU
		{A9DB4265-E02A-4A73-B1C4-8028D90770DE}.Debug|Any CPU.ActiveCfg = Debug|Any CPU
		{A9DB4265-E02A-4A73-B1C4-8028D90770DE}.Debug|Any CPU.Build.0 = Debug|Any CPU
		{A9DB4265-E02A-4A73-B1C4-8028D90770DE}.Release|Any CPU.ActiveCfg = Release|Any CPU
		{A9DB4265-E02A-4A73-B1C4-8028D90770DE}.Release|Any CPU.Build.0 = Release|Any CPU
		{7582BC25-FE83-44BD-B00F-E7E088D098CE}.Debug|Any CPU.ActiveCfg = Debug|Any CPU
		{7582BC25-FE83-44BD-B00F-E7E088D098CE}.Debug|Any CPU.Build.0 = Debug|Any CPU
		{7582BC25-FE83-44BD-B00F-E7E088D098CE}.Release|Any CPU.ActiveCfg = Release|Any CPU
		{7582BC25-FE83-44BD-B00F-E7E088D098CE}.Release|Any CPU.Build.0 = Release|Any CPU
		{72F9F2A7-AB61-45E9-88C5-38A803A996DB}.Debug|Any CPU.ActiveCfg = Debug|Any CPU
		{72F9F2A7-AB61-45E9-88C5-38A803A996DB}.Debug|Any CPU.Build.0 = Debug|Any CPU
		{72F9F2A7-AB61-45E9-88C5-38A803A996DB}.Release|Any CPU.ActiveCfg = Release|Any CPU
		{72F9F2A7-AB61-45E9-88C5-38A803A996DB}.Release|Any CPU.Build.0 = Release|Any CPU
		{D9B44CBE-CD3C-4964-93C2-FF6903D99154}.Debug|Any CPU.ActiveCfg = Debug|Any CPU
		{D9B44CBE-CD3C-4964-93C2-FF6903D99154}.Debug|Any CPU.Build.0 = Debug|Any CPU
		{D9B44CBE-CD3C-4964-93C2-FF6903D99154}.Release|Any CPU.ActiveCfg = Release|Any CPU
		{D9B44CBE-CD3C-4964-93C2-FF6903D99154}.Release|Any CPU.Build.0 = Release|Any CPU
		{4F5C938F-BF01-4DC0-B208-C4D9AF4B6382}.Debug|Any CPU.ActiveCfg = Debug|Any CPU
		{4F5C938F-BF01-4DC0-B208-C4D9AF4B6382}.Debug|Any CPU.Build.0 = Debug|Any CPU
		{4F5C938F-BF01-4DC0-B208-C4D9AF4B6382}.Release|Any CPU.ActiveCfg = Release|Any CPU
		{4F5C938F-BF01-4DC0-B208-C4D9AF4B6382}.Release|Any CPU.Build.0 = Release|Any CPU
		{34217C09-8CDE-46F9-BAA9-872386E2A135}.Debug|Any CPU.ActiveCfg = Debug|Any CPU
		{34217C09-8CDE-46F9-BAA9-872386E2A135}.Debug|Any CPU.Build.0 = Debug|Any CPU
		{34217C09-8CDE-46F9-BAA9-872386E2A135}.Release|Any CPU.ActiveCfg = Release|Any CPU
		{34217C09-8CDE-46F9-BAA9-872386E2A135}.Release|Any CPU.Build.0 = Release|Any CPU
		{7FABD89B-079D-4C1B-835B-AF54A7B39C08}.Debug|Any CPU.ActiveCfg = Debug|Any CPU
		{7FABD89B-079D-4C1B-835B-AF54A7B39C08}.Debug|Any CPU.Build.0 = Debug|Any CPU
		{7FABD89B-079D-4C1B-835B-AF54A7B39C08}.Release|Any CPU.ActiveCfg = Release|Any CPU
		{7FABD89B-079D-4C1B-835B-AF54A7B39C08}.Release|Any CPU.Build.0 = Release|Any CPU
		{2FAC6F46-AE88-47ED-A0F1-E76927ADF20E}.Debug|Any CPU.ActiveCfg = Debug|Any CPU
		{2FAC6F46-AE88-47ED-A0F1-E76927ADF20E}.Debug|Any CPU.Build.0 = Debug|Any CPU
		{2FAC6F46-AE88-47ED-A0F1-E76927ADF20E}.Release|Any CPU.ActiveCfg = Release|Any CPU
		{2FAC6F46-AE88-47ED-A0F1-E76927ADF20E}.Release|Any CPU.Build.0 = Release|Any CPU
		{29C30365-2F8F-432C-AF4D-62FE5D1A1ABB}.Debug|Any CPU.ActiveCfg = Debug|Any CPU
		{29C30365-2F8F-432C-AF4D-62FE5D1A1ABB}.Debug|Any CPU.Build.0 = Debug|Any CPU
		{29C30365-2F8F-432C-AF4D-62FE5D1A1ABB}.Release|Any CPU.ActiveCfg = Release|Any CPU
		{29C30365-2F8F-432C-AF4D-62FE5D1A1ABB}.Release|Any CPU.Build.0 = Release|Any CPU
		{AC2EA8D7-F038-4537-8ABE-299926AE0C1D}.Debug|Any CPU.ActiveCfg = Debug|Any CPU
		{AC2EA8D7-F038-4537-8ABE-299926AE0C1D}.Debug|Any CPU.Build.0 = Debug|Any CPU
		{AC2EA8D7-F038-4537-8ABE-299926AE0C1D}.Release|Any CPU.ActiveCfg = Release|Any CPU
		{AC2EA8D7-F038-4537-8ABE-299926AE0C1D}.Release|Any CPU.Build.0 = Release|Any CPU
		{225D039B-3FCB-42CB-9715-0DA56CC63902}.Debug|Any CPU.ActiveCfg = Debug|Any CPU
		{225D039B-3FCB-42CB-9715-0DA56CC63902}.Debug|Any CPU.Build.0 = Debug|Any CPU
		{225D039B-3FCB-42CB-9715-0DA56CC63902}.Release|Any CPU.ActiveCfg = Release|Any CPU
		{225D039B-3FCB-42CB-9715-0DA56CC63902}.Release|Any CPU.Build.0 = Release|Any CPU
		{819DA8F2-BB8D-4E33-AB9B-469323A58A38}.Debug|Any CPU.ActiveCfg = Debug|Any CPU
		{819DA8F2-BB8D-4E33-AB9B-469323A58A38}.Debug|Any CPU.Build.0 = Debug|Any CPU
		{819DA8F2-BB8D-4E33-AB9B-469323A58A38}.Release|Any CPU.ActiveCfg = Release|Any CPU
		{819DA8F2-BB8D-4E33-AB9B-469323A58A38}.Release|Any CPU.Build.0 = Release|Any CPU
		{AE1A2BC7-6133-4D94-B0B7-8F8316EBAD11}.Debug|Any CPU.ActiveCfg = Debug|Any CPU
		{AE1A2BC7-6133-4D94-B0B7-8F8316EBAD11}.Debug|Any CPU.Build.0 = Debug|Any CPU
		{AE1A2BC7-6133-4D94-B0B7-8F8316EBAD11}.Release|Any CPU.ActiveCfg = Release|Any CPU
		{AE1A2BC7-6133-4D94-B0B7-8F8316EBAD11}.Release|Any CPU.Build.0 = Release|Any CPU
		{CF2D0436-ADAB-43C8-86AC-6383CC288355}.Debug|Any CPU.ActiveCfg = Debug|Any CPU
		{CF2D0436-ADAB-43C8-86AC-6383CC288355}.Debug|Any CPU.Build.0 = Debug|Any CPU
		{CF2D0436-ADAB-43C8-86AC-6383CC288355}.Release|Any CPU.ActiveCfg = Release|Any CPU
		{CF2D0436-ADAB-43C8-86AC-6383CC288355}.Release|Any CPU.Build.0 = Release|Any CPU
		{ABD731B2-7D5C-4830-8FA2-78307EFD795C}.Debug|Any CPU.ActiveCfg = Debug|Any CPU
		{ABD731B2-7D5C-4830-8FA2-78307EFD795C}.Debug|Any CPU.Build.0 = Debug|Any CPU
		{ABD731B2-7D5C-4830-8FA2-78307EFD795C}.Release|Any CPU.ActiveCfg = Release|Any CPU
		{ABD731B2-7D5C-4830-8FA2-78307EFD795C}.Release|Any CPU.Build.0 = Release|Any CPU
		{86E961EF-A56B-4226-BDD2-B2B6FB454869}.Debug|Any CPU.ActiveCfg = Debug|Any CPU
		{86E961EF-A56B-4226-BDD2-B2B6FB454869}.Debug|Any CPU.Build.0 = Debug|Any CPU
		{86E961EF-A56B-4226-BDD2-B2B6FB454869}.Release|Any CPU.ActiveCfg = Release|Any CPU
		{86E961EF-A56B-4226-BDD2-B2B6FB454869}.Release|Any CPU.Build.0 = Release|Any CPU
	EndGlobalSection
	GlobalSection(SolutionProperties) = preSolution
		HideSolutionNode = FALSE
	EndGlobalSection
	GlobalSection(NestedProjects) = preSolution
		{998E5B70-89E3-4B46-8614-AEABF747D2BC} = {A161846F-EC73-45A4-92C0-FCE8179C2D8A}
		{00A1BECC-9A78-46EA-BD04-6750F83039E6} = {B5477B3E-78A2-4DCF-BA11-D0047250F3EC}
		{A9DB4265-E02A-4A73-B1C4-8028D90770DE} = {C6BED1C8-EFD8-4EC7-800B-797FF923B1DD}
		{7582BC25-FE83-44BD-B00F-E7E088D098CE} = {B5477B3E-78A2-4DCF-BA11-D0047250F3EC}
		{72F9F2A7-AB61-45E9-88C5-38A803A996DB} = {B5477B3E-78A2-4DCF-BA11-D0047250F3EC}
		{D9B44CBE-CD3C-4964-93C2-FF6903D99154} = {B13612BB-D4F6-45A0-A6FB-A74971F709CC}
		{4F5C938F-BF01-4DC0-B208-C4D9AF4B6382} = {B5477B3E-78A2-4DCF-BA11-D0047250F3EC}
		{34217C09-8CDE-46F9-BAA9-872386E2A135} = {B5477B3E-78A2-4DCF-BA11-D0047250F3EC}
		{2FAC6F46-AE88-47ED-A0F1-E76927ADF20E} = {B5477B3E-78A2-4DCF-BA11-D0047250F3EC}
		{29C30365-2F8F-432C-AF4D-62FE5D1A1ABB} = {B5477B3E-78A2-4DCF-BA11-D0047250F3EC}
		{C6BED1C8-EFD8-4EC7-800B-797FF923B1DD} = {B5477B3E-78A2-4DCF-BA11-D0047250F3EC}
		{225D039B-3FCB-42CB-9715-0DA56CC63902} = {472701E4-B5DE-4D3B-90F7-D65F251EF3DA}
		{819DA8F2-BB8D-4E33-AB9B-469323A58A38} = {472701E4-B5DE-4D3B-90F7-D65F251EF3DA}
		{A161846F-EC73-45A4-92C0-FCE8179C2D8A} = {B5477B3E-78A2-4DCF-BA11-D0047250F3EC}
		{AE1A2BC7-6133-4D94-B0B7-8F8316EBAD11} = {A161846F-EC73-45A4-92C0-FCE8179C2D8A}
		{CF2D0436-ADAB-43C8-86AC-6383CC288355} = {C6BED1C8-EFD8-4EC7-800B-797FF923B1DD}
		{ABD731B2-7D5C-4830-8FA2-78307EFD795C} = {B5477B3E-78A2-4DCF-BA11-D0047250F3EC}
		{86E961EF-A56B-4226-BDD2-B2B6FB454869} = {B13612BB-D4F6-45A0-A6FB-A74971F709CC}
	EndGlobalSection
	GlobalSection(ExtensibilityGlobals) = postSolution
		SolutionGuid = {13514964-E51D-4900-979E-A0E5ABCBEDB6}
	EndGlobalSection
EndGlobal
