
Microsoft Visual Studio Solution File, Format Version 12.00
# Visual Studio Version 16
VisualStudioVersion = 16.0.29025.244
MinimumVisualStudioVersion = 10.0.40219.1
Project("{2150E333-8FDC-42A3-9474-1A3956D46DE8}") = "DLL", "DLL", "{B5477B3E-78A2-4DCF-BA11-D0047250F3EC}"
EndProject
Project("{9A19103F-16F7-4668-BE54-9A1E7A4F7556}") = "BaseDLL", "DLL\BaseDLL\BaseDLL.csproj", "{F5F30F26-27DE-4882-A4D0-378A2EABFDFB}"
EndProject
Project("{9A19103F-16F7-4668-BE54-9A1E7A4F7556}") = "DTOModelDLL", "DLL\DTOModelDLL\DTOModelDLL.csproj", "{976604BC-CCD9-4C1B-AD03-82C7A66AA9F7}"
EndProject
Project("{9A19103F-16F7-4668-BE54-9A1E7A4F7556}") = "DBAccessDLL", "DLL\DBAccessDLL\DBAccessDLL.csproj", "{998E5B70-89E3-4B46-8614-AEABF747D2BC}"
EndProject
Project("{9A19103F-16F7-4668-BE54-9A1E7A4F7556}") = "NetApplictionServiceDLL", "DLL\NetServiceDLL\NetApplictionServiceDLL.csproj", "{00A1BECC-9A78-46EA-BD04-6750F83039E6}"
EndProject
Project("{9A19103F-16F7-4668-BE54-9A1E7A4F7556}") = "BusinessDLL", "DLL\BusinessDLL\BusinessDLL.csproj", "{A9DB4265-E02A-4A73-B1C4-8028D90770DE}"
EndProject
Project("{9A19103F-16F7-4668-BE54-9A1E7A4F7556}") = "WebAPI", "WebAPITempalte\WebAPI.csproj", "{6E759B2F-1762-465D-8F09-F661EBBFD063}"
EndProject
Project("{2150E333-8FDC-42A3-9474-1A3956D46DE8}") = "Solution Items", "Solution Items", "{44910CC5-590A-49D9-84F7-D612E907B056}"
	ProjectSection(SolutionItems) = preProject
		README.md = README.md
	EndProjectSection
EndProject
Global
	GlobalSection(SolutionConfigurationPlatforms) = preSolution
		Debug|Any CPU = Debug|Any CPU
		Release|Any CPU = Release|Any CPU
	EndGlobalSection
	GlobalSection(ProjectConfigurationPlatforms) = postSolution
		{F5F30F26-27DE-4882-A4D0-378A2EABFDFB}.Debug|Any CPU.ActiveCfg = Debug|Any CPU
		{F5F30F26-27DE-4882-A4D0-378A2EABFDFB}.Debug|Any CPU.Build.0 = Debug|Any CPU
		{F5F30F26-27DE-4882-A4D0-378A2EABFDFB}.Release|Any CPU.ActiveCfg = Release|Any CPU
		{F5F30F26-27DE-4882-A4D0-378A2EABFDFB}.Release|Any CPU.Build.0 = Release|Any CPU
		{976604BC-CCD9-4C1B-AD03-82C7A66AA9F7}.Debug|Any CPU.ActiveCfg = Debug|Any CPU
		{976604BC-CCD9-4C1B-AD03-82C7A66AA9F7}.Debug|Any CPU.Build.0 = Debug|Any CPU
		{976604BC-CCD9-4C1B-AD03-82C7A66AA9F7}.Release|Any CPU.ActiveCfg = Release|Any CPU
		{976604BC-CCD9-4C1B-AD03-82C7A66AA9F7}.Release|Any CPU.Build.0 = Release|Any CPU
		{998E5B70-89E3-4B46-8614-AEABF747D2BC}.Debug|Any CPU.ActiveCfg = Debug|Any CPU
		{998E5B70-89E3-4B46-8614-AEABF747D2BC}.Debug|Any CPU.Build.0 = Debug|Any CPU
		{998E5B70-89E3-4B46-8614-AEABF747D2BC}.Release|Any CPU.ActiveCfg = Release|Any CPU
		{998E5B70-89E3-4B46-8614-AEABF747D2BC}.Release|Any CPU.Build.0 = Release|Any CPU
		{00A1BECC-9A78-46EA-BD04-6750F83039E6}.Debug|Any CPU.ActiveCfg = Debug|Any CPU
		{00A1BECC-9A78-46EA-BD04-6750F83039E6}.Debug|Any CPU.Build.0 = Debug|Any CPU
		{00A1BECC-9A78-46EA-BD04-6750F83039E6}.Release|Any CPU.ActiveCfg = Release|Any CPU
		{00A1BECC-9A78-46EA-BD04-6750F83039E6}.Release|Any CPU.Build.0 = Release|Any CPU
		{A9DB4265-E02A-4A73-B1C4-8028D90770DE}.Debug|Any CPU.ActiveCfg = Debug|Any CPU
		{A9DB4265-E02A-4A73-B1C4-8028D90770DE}.Debug|Any CPU.Build.0 = Debug|Any CPU
		{A9DB4265-E02A-4A73-B1C4-8028D90770DE}.Release|Any CPU.ActiveCfg = Release|Any CPU
		{A9DB4265-E02A-4A73-B1C4-8028D90770DE}.Release|Any CPU.Build.0 = Release|Any CPU
		{6E759B2F-1762-465D-8F09-F661EBBFD063}.Debug|Any CPU.ActiveCfg = Debug|Any CPU
		{6E759B2F-1762-465D-8F09-F661EBBFD063}.Debug|Any CPU.Build.0 = Debug|Any CPU
		{6E759B2F-1762-465D-8F09-F661EBBFD063}.Release|Any CPU.ActiveCfg = Release|Any CPU
		{6E759B2F-1762-465D-8F09-F661EBBFD063}.Release|Any CPU.Build.0 = Release|Any CPU
	EndGlobalSection
	GlobalSection(SolutionProperties) = preSolution
		HideSolutionNode = FALSE
	EndGlobalSection
	GlobalSection(NestedProjects) = preSolution
		{F5F30F26-27DE-4882-A4D0-378A2EABFDFB} = {B5477B3E-78A2-4DCF-BA11-D0047250F3EC}
		{976604BC-CCD9-4C1B-AD03-82C7A66AA9F7} = {B5477B3E-78A2-4DCF-BA11-D0047250F3EC}
		{998E5B70-89E3-4B46-8614-AEABF747D2BC} = {B5477B3E-78A2-4DCF-BA11-D0047250F3EC}
		{00A1BECC-9A78-46EA-BD04-6750F83039E6} = {B5477B3E-78A2-4DCF-BA11-D0047250F3EC}
		{A9DB4265-E02A-4A73-B1C4-8028D90770DE} = {B5477B3E-78A2-4DCF-BA11-D0047250F3EC}
	EndGlobalSection
	GlobalSection(ExtensibilityGlobals) = postSolution
		SolutionGuid = {13514964-E51D-4900-979E-A0E5ABCBEDB6}
	EndGlobalSection
EndGlobal
