
Microsoft Visual Studio Solution File, Format Version 12.00
# Visual Studio 15
VisualStudioVersion = 15.0.27130.2026
MinimumVisualStudioVersion = 10.0.40219.1
Project("{9A19103F-16F7-4668-BE54-9A1E7A4F7556}") = "WebAPITempalte", "WebAPITempalte\WebAPITempalte.csproj", "{3E08F9B6-CC32-41D8-9CA8-ACE4D68E6C20}"
EndProject
Project("{9A19103F-16F7-4668-BE54-9A1E7A4F7556}") = "XUnitTest_WebAPITempalte", "XUnitTest_WebAPITempalte\XUnitTest_WebAPITempalte.csproj", "{A9B37A5F-405C-4899-8A92-80DA9D25A0D4}"
EndProject
Project("{2150E333-8FDC-42A3-9474-1A3956D46DE8}") = "DLL", "DLL", "{B5477B3E-78A2-4DCF-BA11-D0047250F3EC}"
EndProject
Project("{9A19103F-16F7-4668-BE54-9A1E7A4F7556}") = "BaseDLL", "DLL\BaseDLL\BaseDLL.csproj", "{F5F30F26-27DE-4882-A4D0-378A2EABFDFB}"
EndProject
Project("{9A19103F-16F7-4668-BE54-9A1E7A4F7556}") = "DTOModelDLL", "DLL\DTOModelDLL\DTOModelDLL.csproj", "{976604BC-CCD9-4C1B-AD03-82C7A66AA9F7}"
EndProject
Project("{9A19103F-16F7-4668-BE54-9A1E7A4F7556}") = "DBAccessDLL", "DLL\DBAccessDLL\DBAccessDLL.csproj", "{998E5B70-89E3-4B46-8614-AEABF747D2BC}"
EndProject
Project("{9A19103F-16F7-4668-BE54-9A1E7A4F7556}") = "NetApplictionServiceDLL", "DLL\NetServiceDLL\NetApplictionServiceDLL.csproj", "{00A1BECC-9A78-46EA-BD04-6750F83039E6}"
EndProject
Project("{9A19103F-16F7-4668-BE54-9A1E7A4F7556}") = "BusinessDLL", "DLL\BusinessDLL\BusinessDLL.csproj", "{A9DB4265-E02A-4A73-B1C4-8028D90770DE}"
EndProject
Global
	GlobalSection(SolutionConfigurationPlatforms) = preSolution
		Debug|Any CPU = Debug|Any CPU
		Release|Any CPU = Release|Any CPU
	EndGlobalSection
	GlobalSection(ProjectConfigurationPlatforms) = postSolution
		{3E08F9B6-CC32-41D8-9CA8-ACE4D68E6C20}.Debug|Any CPU.ActiveCfg = Debug|Any CPU
		{3E08F9B6-CC32-41D8-9CA8-ACE4D68E6C20}.Debug|Any CPU.Build.0 = Debug|Any CPU
		{3E08F9B6-CC32-41D8-9CA8-ACE4D68E6C20}.Release|Any CPU.ActiveCfg = Release|Any CPU
		{3E08F9B6-CC32-41D8-9CA8-ACE4D68E6C20}.Release|Any CPU.Build.0 = Release|Any CPU
		{A9B37A5F-405C-4899-8A92-80DA9D25A0D4}.Debug|Any CPU.ActiveCfg = Debug|Any CPU
		{A9B37A5F-405C-4899-8A92-80DA9D25A0D4}.Debug|Any CPU.Build.0 = Debug|Any CPU
		{A9B37A5F-405C-4899-8A92-80DA9D25A0D4}.Release|Any CPU.ActiveCfg = Release|Any CPU
		{A9B37A5F-405C-4899-8A92-80DA9D25A0D4}.Release|Any CPU.Build.0 = Release|Any CPU
		{F5F30F26-27DE-4882-A4D0-378A2EABFDFB}.Debug|Any CPU.ActiveCfg = Debug|Any CPU
		{F5F30F26-27DE-4882-A4D0-378A2EABFDFB}.Debug|Any CPU.Build.0 = Debug|Any CPU
		{F5F30F26-27DE-4882-A4D0-378A2EABFDFB}.Release|Any CPU.ActiveCfg = Release|Any CPU
		{F5F30F26-27DE-4882-A4D0-378A2EABFDFB}.Release|Any CPU.Build.0 = Release|Any CPU
		{976604BC-CCD9-4C1B-AD03-82C7A66AA9F7}.Debug|Any CPU.ActiveCfg = Debug|Any CPU
		{976604BC-CCD9-4C1B-AD03-82C7A66AA9F7}.Debug|Any CPU.Build.0 = Debug|Any CPU
		{976604BC-CCD9-4C1B-AD03-82C7A66AA9F7}.Release|Any CPU.ActiveCfg = Release|Any CPU
		{976604BC-CCD9-4C1B-AD03-82C7A66AA9F7}.Release|Any CPU.Build.0 = Release|Any CPU
		{998E5B70-89E3-4B46-8614-AEABF747D2BC}.Debug|Any CPU.ActiveCfg = Debug|Any CPU
		{998E5B70-89E3-4B46-8614-AEABF747D2BC}.Debug|Any CPU.Build.0 = Debug|Any CPU
		{998E5B70-89E3-4B46-8614-AEABF747D2BC}.Release|Any CPU.ActiveCfg = Release|Any CPU
		{998E5B70-89E3-4B46-8614-AEABF747D2BC}.Release|Any CPU.Build.0 = Release|Any CPU
		{00A1BECC-9A78-46EA-BD04-6750F83039E6}.Debug|Any CPU.ActiveCfg = Debug|Any CPU
		{00A1BECC-9A78-46EA-BD04-6750F83039E6}.Debug|Any CPU.Build.0 = Debug|Any CPU
		{00A1BECC-9A78-46EA-BD04-6750F83039E6}.Release|Any CPU.ActiveCfg = Release|Any CPU
		{00A1BECC-9A78-46EA-BD04-6750F83039E6}.Release|Any CPU.Build.0 = Release|Any CPU
		{A9DB4265-E02A-4A73-B1C4-8028D90770DE}.Debug|Any CPU.ActiveCfg = Debug|Any CPU
		{A9DB4265-E02A-4A73-B1C4-8028D90770DE}.Debug|Any CPU.Build.0 = Debug|Any CPU
		{A9DB4265-E02A-4A73-B1C4-8028D90770DE}.Release|Any CPU.ActiveCfg = Release|Any CPU
		{A9DB4265-E02A-4A73-B1C4-8028D90770DE}.Release|Any CPU.Build.0 = Release|Any CPU
	EndGlobalSection
	GlobalSection(SolutionProperties) = preSolution
		HideSolutionNode = FALSE
	EndGlobalSection
	GlobalSection(NestedProjects) = preSolution
		{F5F30F26-27DE-4882-A4D0-378A2EABFDFB} = {B5477B3E-78A2-4DCF-BA11-D0047250F3EC}
		{976604BC-CCD9-4C1B-AD03-82C7A66AA9F7} = {B5477B3E-78A2-4DCF-BA11-D0047250F3EC}
		{998E5B70-89E3-4B46-8614-AEABF747D2BC} = {B5477B3E-78A2-4DCF-BA11-D0047250F3EC}
		{00A1BECC-9A78-46EA-BD04-6750F83039E6} = {B5477B3E-78A2-4DCF-BA11-D0047250F3EC}
		{A9DB4265-E02A-4A73-B1C4-8028D90770DE} = {B5477B3E-78A2-4DCF-BA11-D0047250F3EC}
	EndGlobalSection
	GlobalSection(ExtensibilityGlobals) = postSolution
		SolutionGuid = {13514964-E51D-4900-979E-A0E5ABCBEDB6}
	EndGlobalSection
EndGlobal
